
Microsoft Visual Studio Solution File, Format Version 12.00
# Visual Studio Version 16
VisualStudioVersion = 16.0.31624.102
MinimumVisualStudioVersion = 10.0.40219.1
Project("{FAE04EC0-301F-11D3-BF4B-00C04F79EFBC}") = "OutputCachingCore", "OutputCachingCore\OutputCachingCore.csproj", "{36DEEED3-BE1F-4046-88ED-EFB4224E5E8D}"
EndProject
Global
	GlobalSection(SolutionConfigurationPlatforms) = preSolution
		Debug|Any CPU = Debug|Any CPU
		Release|Any CPU = Release|Any CPU
	EndGlobalSection
	GlobalSection(ProjectConfigurationPlatforms) = postSolution
		{36DEEED3-BE1F-4046-88ED-EFB4224E5E8D}.Debug|Any CPU.ActiveCfg = Debug|Any CPU
		{36DEEED3-BE1F-4046-88ED-EFB4224E5E8D}.Debug|Any CPU.Build.0 = Debug|Any CPU
		{36DEEED3-BE1F-4046-88ED-EFB4224E5E8D}.Release|Any CPU.ActiveCfg = Release|Any CPU
		{36DEEED3-BE1F-4046-88ED-EFB4224E5E8D}.Release|Any CPU.Build.0 = Release|Any CPU
	EndGlobalSection
	GlobalSection(SolutionProperties) = preSolution
		HideSolutionNode = FALSE
	EndGlobalSection
	GlobalSection(ExtensibilityGlobals) = postSolution
		SolutionGuid = {BB76EC2F-3D5A-40F2-9587-332D1AECA46C}
	EndGlobalSection
EndGlobal
